
Microsoft Visual Studio Solution File, Format Version 11.00
# Visual Studio 2010
Project("{FAE04EC0-301F-11D3-BF4B-00C04F79EFBC}") = "FixedArrayAverage", "FixedArrayAverage.csproj", "{DE5646BA-1AB1-455D-ADD4-F71E070BB6E4}"
EndProject
Global
	GlobalSection(SolutionConfigurationPlatforms) = preSolution
		Debug|Any CPU = Debug|Any CPU
		Release|Any CPU = Release|Any CPU
	EndGlobalSection
	GlobalSection(ProjectConfigurationPlatforms) = postSolution
		{DE5646BA-1AB1-455D-ADD4-F71E070BB6E4}.Debug|Any CPU.ActiveCfg = Debug|Any CPU
		{DE5646BA-1AB1-455D-ADD4-F71E070BB6E4}.Debug|Any CPU.Build.0 = Debug|Any CPU
		{DE5646BA-1AB1-455D-ADD4-F71E070BB6E4}.Release|Any CPU.ActiveCfg = Release|Any CPU
		{DE5646BA-1AB1-455D-ADD4-F71E070BB6E4}.Release|Any CPU.Build.0 = Release|Any CPU
	EndGlobalSection
	GlobalSection(SolutionProperties) = preSolution
		HideSolutionNode = FALSE
	EndGlobalSection
EndGlobal
