
Microsoft Visual Studio Solution File, Format Version 11.00
# Visual Studio 2010
Project("{FAE04EC0-301F-11D3-BF4B-00C04F79EFBC}") = "DecimalBankAccount", "DecimalBankAccount.csproj", "{4F327B98-7686-4205-BF92-795FA9291F2E}"
EndProject
Global
	GlobalSection(SolutionConfigurationPlatforms) = preSolution
		Debug|Any CPU = Debug|Any CPU
		Release|Any CPU = Release|Any CPU
	EndGlobalSection
	GlobalSection(ProjectConfigurationPlatforms) = postSolution
		{4F327B98-7686-4205-BF92-795FA9291F2E}.Debug|Any CPU.ActiveCfg = Debug|Any CPU
		{4F327B98-7686-4205-BF92-795FA9291F2E}.Debug|Any CPU.Build.0 = Debug|Any CPU
		{4F327B98-7686-4205-BF92-795FA9291F2E}.Release|Any CPU.ActiveCfg = Release|Any CPU
		{4F327B98-7686-4205-BF92-795FA9291F2E}.Release|Any CPU.Build.0 = Release|Any CPU
	EndGlobalSection
	GlobalSection(SolutionProperties) = preSolution
		HideSolutionNode = FALSE
	EndGlobalSection
EndGlobal
