
Microsoft Visual Studio Solution File, Format Version 11.00
# Visual Studio 2010
Project("{FAE04EC0-301F-11D3-BF4B-00C04F79EFBC}") = "Project1", "Project1.csproj", "{9EE30BA3-BB40-4DC3-829A-891FB073D5C2}"
EndProject
Project("{8BC9CEB8-8B4A-11D0-8D11-00A0C91BC942}") = "message_box_wrapper", "..\message_box_wrapper\message_box_wrapper.vcxproj", "{B8716293-C208-4040-95A4-7B6FA2A20BD5}"
EndProject
Global
	GlobalSection(SolutionConfigurationPlatforms) = preSolution
		Debug|Mixed Platforms = Debug|Mixed Platforms
		Debug|Win32 = Debug|Win32
		Debug|x86 = Debug|x86
		Release|Mixed Platforms = Release|Mixed Platforms
		Release|Win32 = Release|Win32
		Release|x86 = Release|x86
	EndGlobalSection
	GlobalSection(ProjectConfigurationPlatforms) = postSolution
		{9EE30BA3-BB40-4DC3-829A-891FB073D5C2}.Debug|Mixed Platforms.ActiveCfg = Debug|x86
		{9EE30BA3-BB40-4DC3-829A-891FB073D5C2}.Debug|Mixed Platforms.Build.0 = Debug|x86
		{9EE30BA3-BB40-4DC3-829A-891FB073D5C2}.Debug|Win32.ActiveCfg = Debug|x86
		{9EE30BA3-BB40-4DC3-829A-891FB073D5C2}.Debug|x86.ActiveCfg = Debug|x86
		{9EE30BA3-BB40-4DC3-829A-891FB073D5C2}.Debug|x86.Build.0 = Debug|x86
		{9EE30BA3-BB40-4DC3-829A-891FB073D5C2}.Release|Mixed Platforms.ActiveCfg = Release|x86
		{9EE30BA3-BB40-4DC3-829A-891FB073D5C2}.Release|Mixed Platforms.Build.0 = Release|x86
		{9EE30BA3-BB40-4DC3-829A-891FB073D5C2}.Release|Win32.ActiveCfg = Release|x86
		{9EE30BA3-BB40-4DC3-829A-891FB073D5C2}.Release|x86.ActiveCfg = Release|x86
		{9EE30BA3-BB40-4DC3-829A-891FB073D5C2}.Release|x86.Build.0 = Release|x86
		{B8716293-C208-4040-95A4-7B6FA2A20BD5}.Debug|Mixed Platforms.ActiveCfg = Debug|Win32
		{B8716293-C208-4040-95A4-7B6FA2A20BD5}.Debug|Mixed Platforms.Build.0 = Debug|Win32
		{B8716293-C208-4040-95A4-7B6FA2A20BD5}.Debug|Win32.ActiveCfg = Debug|Win32
		{B8716293-C208-4040-95A4-7B6FA2A20BD5}.Debug|Win32.Build.0 = Debug|Win32
		{B8716293-C208-4040-95A4-7B6FA2A20BD5}.Debug|x86.ActiveCfg = Debug|Win32
		{B8716293-C208-4040-95A4-7B6FA2A20BD5}.Release|Mixed Platforms.ActiveCfg = Release|Win32
		{B8716293-C208-4040-95A4-7B6FA2A20BD5}.Release|Mixed Platforms.Build.0 = Release|Win32
		{B8716293-C208-4040-95A4-7B6FA2A20BD5}.Release|Win32.ActiveCfg = Release|Win32
		{B8716293-C208-4040-95A4-7B6FA2A20BD5}.Release|Win32.Build.0 = Release|Win32
		{B8716293-C208-4040-95A4-7B6FA2A20BD5}.Release|x86.ActiveCfg = Release|Win32
	EndGlobalSection
	GlobalSection(SolutionProperties) = preSolution
		HideSolutionNode = FALSE
	EndGlobalSection
EndGlobal
