
Microsoft Visual Studio Solution File, Format Version 11.00
# Visual Studio 2010
Project("{FAE04EC0-301F-11D3-BF4B-00C04F79EFBC}") = "AccessorPropertyShortcuts", "AccessorPropertyShortcuts.csproj", "{C4A72ACE-D56E-4708-9C9F-97C4AB567578}"
EndProject
Global
	GlobalSection(SolutionConfigurationPlatforms) = preSolution
		Debug|Any CPU = Debug|Any CPU
		Release|Any CPU = Release|Any CPU
	EndGlobalSection
	GlobalSection(ProjectConfigurationPlatforms) = postSolution
		{C4A72ACE-D56E-4708-9C9F-97C4AB567578}.Debug|Any CPU.ActiveCfg = Debug|Any CPU
		{C4A72ACE-D56E-4708-9C9F-97C4AB567578}.Debug|Any CPU.Build.0 = Debug|Any CPU
		{C4A72ACE-D56E-4708-9C9F-97C4AB567578}.Release|Any CPU.ActiveCfg = Release|Any CPU
		{C4A72ACE-D56E-4708-9C9F-97C4AB567578}.Release|Any CPU.Build.0 = Release|Any CPU
	EndGlobalSection
	GlobalSection(SolutionProperties) = preSolution
		HideSolutionNode = FALSE
	EndGlobalSection
EndGlobal
