
Microsoft Visual Studio Solution File, Format Version 11.00
# Visual Studio 2010
Project("{FAE04EC0-301F-11D3-BF4B-00C04F79EFBC}") = "DisplayXWithNestedLoops", "DisplayXWithNestedLoops.csproj", "{521EE419-2884-40FA-8462-CA683586E8CC}"
EndProject
Global
	GlobalSection(SolutionConfigurationPlatforms) = preSolution
		Debug|Any CPU = Debug|Any CPU
		Release|Any CPU = Release|Any CPU
	EndGlobalSection
	GlobalSection(ProjectConfigurationPlatforms) = postSolution
		{521EE419-2884-40FA-8462-CA683586E8CC}.Debug|Any CPU.ActiveCfg = Debug|Any CPU
		{521EE419-2884-40FA-8462-CA683586E8CC}.Debug|Any CPU.Build.0 = Debug|Any CPU
		{521EE419-2884-40FA-8462-CA683586E8CC}.Release|Any CPU.ActiveCfg = Release|Any CPU
		{521EE419-2884-40FA-8462-CA683586E8CC}.Release|Any CPU.Build.0 = Release|Any CPU
	EndGlobalSection
	GlobalSection(SolutionProperties) = preSolution
		HideSolutionNode = FALSE
	EndGlobalSection
EndGlobal
