
Microsoft Visual Studio Solution File, Format Version 11.00
# Visual Studio 2010
Project("{FAE04EC0-301F-11D3-BF4B-00C04F79EFBC}") = "Accessing Data", "Accessing Data\Accessing Data.csproj", "{F7E07B78-73F3-478D-BF9E-222BE843E3A2}"
EndProject
Project("{2150E333-8FDC-42A3-9474-1A3956D46DE8}") = "Solution Items", "Solution Items", "{2A8181DE-42E4-4FA8-AC80-87DBC79281DD}"
	ProjectSection(SolutionItems) = preProject
		ReadMe.txt = ReadMe.txt
	EndProjectSection
EndProject
Global
	GlobalSection(SolutionConfigurationPlatforms) = preSolution
		Debug|x86 = Debug|x86
		Release|x86 = Release|x86
	EndGlobalSection
	GlobalSection(ProjectConfigurationPlatforms) = postSolution
		{F7E07B78-73F3-478D-BF9E-222BE843E3A2}.Debug|x86.ActiveCfg = Debug|x86
		{F7E07B78-73F3-478D-BF9E-222BE843E3A2}.Debug|x86.Build.0 = Debug|x86
		{F7E07B78-73F3-478D-BF9E-222BE843E3A2}.Release|x86.ActiveCfg = Release|x86
		{F7E07B78-73F3-478D-BF9E-222BE843E3A2}.Release|x86.Build.0 = Release|x86
	EndGlobalSection
	GlobalSection(SolutionProperties) = preSolution
		HideSolutionNode = FALSE
	EndGlobalSection
EndGlobal
