
Microsoft Visual Studio Solution File, Format Version 11.00
# Visual Studio 2010
Project("{FAE04EC0-301F-11D3-BF4B-00C04F79EFBC}") = "runtimewrappedexception", "runtimewrappedexception.csproj", "{843AA5D7-E483-4647-BD12-B96578E8E677}"
EndProject
Project("{8BC9CEB8-8B4A-11D0-8D11-00A0C91BC942}") = "throw_string", "..\throw_string\throw_string.vcxproj", "{1CAD79C9-9273-4BC3-B27B-B24221D5DCE2}"
EndProject
Project("{8BC9CEB8-8B4A-11D0-8D11-00A0C91BC942}") = "outattribute", "..\outattribute\outattribute.vcxproj", "{C1B59FC5-0C30-4236-A37E-1FC5C286C6A4}"
EndProject
Project("{FAE04EC0-301F-11D3-BF4B-00C04F79EFBC}") = "consume_outattr", "custom_attributes\consume_outattr.csproj", "{D06957EB-C0F8-48D5-817A-A4BF20FDD474}"
EndProject
Global
	GlobalSection(SolutionConfigurationPlatforms) = preSolution
		Debug|Mixed Platforms = Debug|Mixed Platforms
		Debug|Win32 = Debug|Win32
		Debug|x86 = Debug|x86
		Release|Mixed Platforms = Release|Mixed Platforms
		Release|Win32 = Release|Win32
		Release|x86 = Release|x86
	EndGlobalSection
	GlobalSection(ProjectConfigurationPlatforms) = postSolution
		{843AA5D7-E483-4647-BD12-B96578E8E677}.Debug|Mixed Platforms.ActiveCfg = Debug|x86
		{843AA5D7-E483-4647-BD12-B96578E8E677}.Debug|Mixed Platforms.Build.0 = Debug|x86
		{843AA5D7-E483-4647-BD12-B96578E8E677}.Debug|Win32.ActiveCfg = Debug|x86
		{843AA5D7-E483-4647-BD12-B96578E8E677}.Debug|x86.ActiveCfg = Debug|x86
		{843AA5D7-E483-4647-BD12-B96578E8E677}.Debug|x86.Build.0 = Debug|x86
		{843AA5D7-E483-4647-BD12-B96578E8E677}.Release|Mixed Platforms.ActiveCfg = Release|x86
		{843AA5D7-E483-4647-BD12-B96578E8E677}.Release|Mixed Platforms.Build.0 = Release|x86
		{843AA5D7-E483-4647-BD12-B96578E8E677}.Release|Win32.ActiveCfg = Release|x86
		{843AA5D7-E483-4647-BD12-B96578E8E677}.Release|x86.ActiveCfg = Release|x86
		{843AA5D7-E483-4647-BD12-B96578E8E677}.Release|x86.Build.0 = Release|x86
		{1CAD79C9-9273-4BC3-B27B-B24221D5DCE2}.Debug|Mixed Platforms.ActiveCfg = Debug|Win32
		{1CAD79C9-9273-4BC3-B27B-B24221D5DCE2}.Debug|Mixed Platforms.Build.0 = Debug|Win32
		{1CAD79C9-9273-4BC3-B27B-B24221D5DCE2}.Debug|Win32.ActiveCfg = Debug|Win32
		{1CAD79C9-9273-4BC3-B27B-B24221D5DCE2}.Debug|Win32.Build.0 = Debug|Win32
		{1CAD79C9-9273-4BC3-B27B-B24221D5DCE2}.Debug|x86.ActiveCfg = Debug|Win32
		{1CAD79C9-9273-4BC3-B27B-B24221D5DCE2}.Release|Mixed Platforms.ActiveCfg = Release|Win32
		{1CAD79C9-9273-4BC3-B27B-B24221D5DCE2}.Release|Mixed Platforms.Build.0 = Release|Win32
		{1CAD79C9-9273-4BC3-B27B-B24221D5DCE2}.Release|Win32.ActiveCfg = Release|Win32
		{1CAD79C9-9273-4BC3-B27B-B24221D5DCE2}.Release|Win32.Build.0 = Release|Win32
		{1CAD79C9-9273-4BC3-B27B-B24221D5DCE2}.Release|x86.ActiveCfg = Release|Win32
		{C1B59FC5-0C30-4236-A37E-1FC5C286C6A4}.Debug|Mixed Platforms.ActiveCfg = Debug|Win32
		{C1B59FC5-0C30-4236-A37E-1FC5C286C6A4}.Debug|Mixed Platforms.Build.0 = Debug|Win32
		{C1B59FC5-0C30-4236-A37E-1FC5C286C6A4}.Debug|Win32.ActiveCfg = Debug|Win32
		{C1B59FC5-0C30-4236-A37E-1FC5C286C6A4}.Debug|Win32.Build.0 = Debug|Win32
		{C1B59FC5-0C30-4236-A37E-1FC5C286C6A4}.Debug|x86.ActiveCfg = Debug|Win32
		{C1B59FC5-0C30-4236-A37E-1FC5C286C6A4}.Release|Mixed Platforms.ActiveCfg = Release|Win32
		{C1B59FC5-0C30-4236-A37E-1FC5C286C6A4}.Release|Mixed Platforms.Build.0 = Release|Win32
		{C1B59FC5-0C30-4236-A37E-1FC5C286C6A4}.Release|Win32.ActiveCfg = Release|Win32
		{C1B59FC5-0C30-4236-A37E-1FC5C286C6A4}.Release|Win32.Build.0 = Release|Win32
		{C1B59FC5-0C30-4236-A37E-1FC5C286C6A4}.Release|x86.ActiveCfg = Release|Win32
		{D06957EB-C0F8-48D5-817A-A4BF20FDD474}.Debug|Mixed Platforms.ActiveCfg = Debug|x86
		{D06957EB-C0F8-48D5-817A-A4BF20FDD474}.Debug|Mixed Platforms.Build.0 = Debug|x86
		{D06957EB-C0F8-48D5-817A-A4BF20FDD474}.Debug|Win32.ActiveCfg = Debug|x86
		{D06957EB-C0F8-48D5-817A-A4BF20FDD474}.Debug|x86.ActiveCfg = Debug|x86
		{D06957EB-C0F8-48D5-817A-A4BF20FDD474}.Debug|x86.Build.0 = Debug|x86
		{D06957EB-C0F8-48D5-817A-A4BF20FDD474}.Release|Mixed Platforms.ActiveCfg = Release|x86
		{D06957EB-C0F8-48D5-817A-A4BF20FDD474}.Release|Mixed Platforms.Build.0 = Release|x86
		{D06957EB-C0F8-48D5-817A-A4BF20FDD474}.Release|Win32.ActiveCfg = Release|x86
		{D06957EB-C0F8-48D5-817A-A4BF20FDD474}.Release|x86.ActiveCfg = Release|x86
		{D06957EB-C0F8-48D5-817A-A4BF20FDD474}.Release|x86.Build.0 = Release|x86
	EndGlobalSection
	GlobalSection(SolutionProperties) = preSolution
		HideSolutionNode = FALSE
	EndGlobalSection
EndGlobal
