
Microsoft Visual Studio Solution File, Format Version 11.00
# Visual Studio 2010
Project("{FAE04EC0-301F-11D3-BF4B-00C04F79EFBC}") = "Chapter2", "Chapter2\Chapter2.csproj", "{D3E96643-23C8-4A53-8609-132D31AD6ABD}"
EndProject
Global
	GlobalSection(SolutionConfigurationPlatforms) = preSolution
		Debug|x86 = Debug|x86
		Release|x86 = Release|x86
	EndGlobalSection
	GlobalSection(ProjectConfigurationPlatforms) = postSolution
		{D3E96643-23C8-4A53-8609-132D31AD6ABD}.Debug|x86.ActiveCfg = Debug|x86
		{D3E96643-23C8-4A53-8609-132D31AD6ABD}.Debug|x86.Build.0 = Debug|x86
		{D3E96643-23C8-4A53-8609-132D31AD6ABD}.Release|x86.ActiveCfg = Release|x86
		{D3E96643-23C8-4A53-8609-132D31AD6ABD}.Release|x86.Build.0 = Release|x86
	EndGlobalSection
	GlobalSection(SolutionProperties) = preSolution
		HideSolutionNode = FALSE
	EndGlobalSection
EndGlobal
