
Microsoft Visual Studio Solution File, Format Version 11.00
# Visual Studio 2010
Project("{FAE04EC0-301F-11D3-BF4B-00C04F79EFBC}") = "CalculateInterestTableWithBreak", "CalculateInterestTableWithBreak.csproj", "{7C46263C-D3DC-4A26-9E0C-7AFE5C192EC3}"
EndProject
Global
	GlobalSection(SolutionConfigurationPlatforms) = preSolution
		Debug|Any CPU = Debug|Any CPU
		Release|Any CPU = Release|Any CPU
	EndGlobalSection
	GlobalSection(ProjectConfigurationPlatforms) = postSolution
		{7C46263C-D3DC-4A26-9E0C-7AFE5C192EC3}.Debug|Any CPU.ActiveCfg = Debug|Any CPU
		{7C46263C-D3DC-4A26-9E0C-7AFE5C192EC3}.Debug|Any CPU.Build.0 = Debug|Any CPU
		{7C46263C-D3DC-4A26-9E0C-7AFE5C192EC3}.Release|Any CPU.ActiveCfg = Release|Any CPU
		{7C46263C-D3DC-4A26-9E0C-7AFE5C192EC3}.Release|Any CPU.Build.0 = Release|Any CPU
	EndGlobalSection
	GlobalSection(SolutionProperties) = preSolution
		HideSolutionNode = FALSE
	EndGlobalSection
EndGlobal
